
Microsoft Visual Studio Solution File, Format Version 12.00
# Visual Studio Version 16
VisualStudioVersion = 16.0.31729.503
MinimumVisualStudioVersion = 10.0.40219.1
Project("{FAE04EC0-301F-11D3-BF4B-00C04F79EFBC}") = "exercice d'implementation de la notion de tableau", "exercice d'implementation de la notion de tableau\exercice d'implementation de la notion de tableau.csproj", "{11203BFD-54A7-45CA-8E5B-AE060F8BBF52}"
EndProject
Global
	GlobalSection(SolutionConfigurationPlatforms) = preSolution
		Debug|Any CPU = Debug|Any CPU
		Release|Any CPU = Release|Any CPU
	EndGlobalSection
	GlobalSection(ProjectConfigurationPlatforms) = postSolution
		{11203BFD-54A7-45CA-8E5B-AE060F8BBF52}.Debug|Any CPU.ActiveCfg = Debug|Any CPU
		{11203BFD-54A7-45CA-8E5B-AE060F8BBF52}.Debug|Any CPU.Build.0 = Debug|Any CPU
		{11203BFD-54A7-45CA-8E5B-AE060F8BBF52}.Release|Any CPU.ActiveCfg = Release|Any CPU
		{11203BFD-54A7-45CA-8E5B-AE060F8BBF52}.Release|Any CPU.Build.0 = Release|Any CPU
	EndGlobalSection
	GlobalSection(SolutionProperties) = preSolution
		HideSolutionNode = FALSE
	EndGlobalSection
	GlobalSection(ExtensibilityGlobals) = postSolution
		SolutionGuid = {D42FF8E2-F9CC-45FE-86A0-A76C7FC14D71}
	EndGlobalSection
EndGlobal
